
Microsoft Visual Studio Solution File, Format Version 12.00
# Visual Studio Version 16
VisualStudioVersion = 16.0.30804.86
MinimumVisualStudioVersion = 10.0.40219.1
Project("{FAE04EC0-301F-11D3-BF4B-00C04F79EFBC}") = "AspnetShoppingCart", "AspnetShoppingCart\AspnetShoppingCart.csproj", "{282A766A-1E86-4E0C-91BE-135DA8AA24D1}"
EndProject
Global
	GlobalSection(SolutionConfigurationPlatforms) = preSolution
		Debug|Any CPU = Debug|Any CPU
		Release|Any CPU = Release|Any CPU
	EndGlobalSection
	GlobalSection(ProjectConfigurationPlatforms) = postSolution
		{282A766A-1E86-4E0C-91BE-135DA8AA24D1}.Debug|Any CPU.ActiveCfg = Debug|Any CPU
		{282A766A-1E86-4E0C-91BE-135DA8AA24D1}.Debug|Any CPU.Build.0 = Debug|Any CPU
		{282A766A-1E86-4E0C-91BE-135DA8AA24D1}.Release|Any CPU.ActiveCfg = Release|Any CPU
		{282A766A-1E86-4E0C-91BE-135DA8AA24D1}.Release|Any CPU.Build.0 = Release|Any CPU
	EndGlobalSection
	GlobalSection(SolutionProperties) = preSolution
		HideSolutionNode = FALSE
	EndGlobalSection
	GlobalSection(ExtensibilityGlobals) = postSolution
		SolutionGuid = {FC233182-D91E-4E92-BE63-763AFC873BA5}
	EndGlobalSection
EndGlobal
